
Microsoft Visual Studio Solution File, Format Version 12.00
# Visual Studio 14
VisualStudioVersion = 14.0.25420.1
MinimumVisualStudioVersion = 10.0.40219.1
Project("{FAE04EC0-301F-11D3-BF4B-00C04F79EFBC}") = "Calculadora", "Calculadora\Calculadora.csproj", "{2E398D4A-3E44-4AF0-A4C9-7EE3ABDFC7FA}"
EndProject
Project("{FAE04EC0-301F-11D3-BF4B-00C04F79EFBC}") = "Calculadora.Tests", "Calculadora.Tests\Calculadora.Tests.csproj", "{EAEAAA2C-0152-41BE-9606-D1C0B6685377}"
EndProject
Global
	GlobalSection(SolutionConfigurationPlatforms) = preSolution
		Debug|Any CPU = Debug|Any CPU
		Release|Any CPU = Release|Any CPU
	EndGlobalSection
	GlobalSection(ProjectConfigurationPlatforms) = postSolution
		{2E398D4A-3E44-4AF0-A4C9-7EE3ABDFC7FA}.Debug|Any CPU.ActiveCfg = Debug|Any CPU
		{2E398D4A-3E44-4AF0-A4C9-7EE3ABDFC7FA}.Debug|Any CPU.Build.0 = Debug|Any CPU
		{2E398D4A-3E44-4AF0-A4C9-7EE3ABDFC7FA}.Release|Any CPU.ActiveCfg = Release|Any CPU
		{2E398D4A-3E44-4AF0-A4C9-7EE3ABDFC7FA}.Release|Any CPU.Build.0 = Release|Any CPU
		{EAEAAA2C-0152-41BE-9606-D1C0B6685377}.Debug|Any CPU.ActiveCfg = Debug|Any CPU
		{EAEAAA2C-0152-41BE-9606-D1C0B6685377}.Debug|Any CPU.Build.0 = Debug|Any CPU
		{EAEAAA2C-0152-41BE-9606-D1C0B6685377}.Release|Any CPU.ActiveCfg = Release|Any CPU
		{EAEAAA2C-0152-41BE-9606-D1C0B6685377}.Release|Any CPU.Build.0 = Release|Any CPU
	EndGlobalSection
	GlobalSection(SolutionProperties) = preSolution
		HideSolutionNode = FALSE
	EndGlobalSection
EndGlobal
